
Microsoft Visual Studio Solution File, Format Version 12.00
# Visual Studio Version 16
VisualStudioVersion = 16.0.30320.27
MinimumVisualStudioVersion = 10.0.40219.1
Project("{FAE04EC0-301F-11D3-BF4B-00C04F79EFBC}") = "EmployeeManagement", "EmployeeManagement\EmployeeManagement.csproj", "{3849EA26-214B-46B2-AE3F-AD8E42F68C99}"
EndProject
Global
	GlobalSection(SolutionConfigurationPlatforms) = preSolution
		Debug|Any CPU = Debug|Any CPU
		Release|Any CPU = Release|Any CPU
	EndGlobalSection
	GlobalSection(ProjectConfigurationPlatforms) = postSolution
		{3849EA26-214B-46B2-AE3F-AD8E42F68C99}.Debug|Any CPU.ActiveCfg = Debug|Any CPU
		{3849EA26-214B-46B2-AE3F-AD8E42F68C99}.Debug|Any CPU.Build.0 = Debug|Any CPU
		{3849EA26-214B-46B2-AE3F-AD8E42F68C99}.Release|Any CPU.ActiveCfg = Release|Any CPU
		{3849EA26-214B-46B2-AE3F-AD8E42F68C99}.Release|Any CPU.Build.0 = Release|Any CPU
	EndGlobalSection
	GlobalSection(SolutionProperties) = preSolution
		HideSolutionNode = FALSE
	EndGlobalSection
	GlobalSection(ExtensibilityGlobals) = postSolution
		SolutionGuid = {9CF58A9F-C463-47B2-B4C2-CB0971576C64}
	EndGlobalSection
EndGlobal
